
Microsoft Visual Studio Solution File, Format Version 12.00
# Visual Studio 15
VisualStudioVersion = 15.0.28307.757
MinimumVisualStudioVersion = 10.0.40219.1
Project("{888888A0-9F3D-457C-B088-3A5042F75D52}") = "8ball", "8ball\8ball.pyproj", "{9A49C842-A613-4A6B-9ABB-E045FB426A3E}"
EndProject
Global
	GlobalSection(SolutionConfigurationPlatforms) = preSolution
		Debug|Any CPU = Debug|Any CPU
		Release|Any CPU = Release|Any CPU
	EndGlobalSection
	GlobalSection(ProjectConfigurationPlatforms) = postSolution
		{9A49C842-A613-4A6B-9ABB-E045FB426A3E}.Debug|Any CPU.ActiveCfg = Debug|Any CPU
		{9A49C842-A613-4A6B-9ABB-E045FB426A3E}.Release|Any CPU.ActiveCfg = Release|Any CPU
	EndGlobalSection
	GlobalSection(SolutionProperties) = preSolution
		HideSolutionNode = FALSE
	EndGlobalSection
	GlobalSection(ExtensibilityGlobals) = postSolution
		SolutionGuid = {AF788312-E939-4522-8AA9-B1C569D42991}
	EndGlobalSection
EndGlobal
